{
  "requires": true,
  "lockfileVersion": 1,
  "dependencies": {
    "@colormap/core": {
      "version": "0.1.0-3",
      "resolved": "https://registry.npmjs.org/@colormap/core/-/core-0.1.0-3.tgz",
      "integrity": "sha512-uOgJoivn8+gNlvWshCUojgqnuLD0SSmNW7vo15/ULTHogEymouUrLIin3O3ydoBjxEj+N3TM14DR+tblDO9rKg=="
    },
    "@colormap/presets": {
      "version": "0.1.0-4",
      "resolved": "https://registry.npmjs.org/@colormap/presets/-/presets-0.1.0-4.tgz",
      "integrity": "sha512-9LBjbELLYbiSGRqqvlpAwlWiw02U+CxcGs4vsTPlRwS81FIGQD0D4MHs37QpqvD347L385MReive2DTiZG+CJg=="
    }
  }
}
